
Microsoft Visual Studio Solution File, Format Version 12.00
# Visual Studio Version 17
VisualStudioVersion = 17.2.32519.379
MinimumVisualStudioVersion = 10.0.40219.1
Project("{FAE04EC0-301F-11D3-BF4B-00C04F79EFBC}") = "StalkerBelarus.Launcher.Avalonia", "src\StalkerBelarus.Launcher.Avalonia\StalkerBelarus.Launcher.Avalonia.csproj", "{909E77E9-FE72-41F3-A631-D552185DF754}"
EndProject
Project("{2150E333-8FDC-42A3-9474-1A3956D46DE8}") = "Solution Items", "Solution Items", "{9A3AF009-CDC3-4035-B1A7-554D325D5408}"
	ProjectSection(SolutionItems) = preProject
		.editorconfig = .editorconfig
		.gitattributes = .gitattributes
		.gitignore = .gitignore
		.vsconfig = .vsconfig
		Directory.Build.props = Directory.Build.props
		publish-launcher.bat = publish-launcher.bat
		README.md = README.md
	EndProjectSection
EndProject
Project("{FAE04EC0-301F-11D3-BF4B-00C04F79EFBC}") = "StalkerBelarus.Launcher.Core", "src\StalkerBelarus.Launcher.Core\StalkerBelarus.Launcher.Core.csproj", "{9B628B77-B05A-435E-8D99-1D0DFB8BE20D}"
EndProject
Project("{9A19103F-16F7-4668-BE54-9A1E7A4F7556}") = "StalkerBelarus.Launcher.Legacy", "src\StalkerBelarus.Launcher.Legacy\StalkerBelarus.Launcher.Legacy.csproj", "{0FD8494A-7CBD-428E-9B66-EC96F30FF9C0}"
EndProject
Global
	GlobalSection(SolutionConfigurationPlatforms) = preSolution
		Debug|Any CPU = Debug|Any CPU
		Release|Any CPU = Release|Any CPU
	EndGlobalSection
	GlobalSection(ProjectConfigurationPlatforms) = postSolution
		{0FD8494A-7CBD-428E-9B66-EC96F30FF9C0}.Debug|Any CPU.ActiveCfg = Debug|Any CPU
		{0FD8494A-7CBD-428E-9B66-EC96F30FF9C0}.Debug|Any CPU.Build.0 = Debug|Any CPU
		{0FD8494A-7CBD-428E-9B66-EC96F30FF9C0}.Release|Any CPU.ActiveCfg = Release|Any CPU
		{0FD8494A-7CBD-428E-9B66-EC96F30FF9C0}.Release|Any CPU.Build.0 = Release|Any CPU
		{9B628B77-B05A-435E-8D99-1D0DFB8BE20D}.Debug|Any CPU.ActiveCfg = Debug|Any CPU
		{9B628B77-B05A-435E-8D99-1D0DFB8BE20D}.Debug|Any CPU.Build.0 = Debug|Any CPU
		{9B628B77-B05A-435E-8D99-1D0DFB8BE20D}.Release|Any CPU.ActiveCfg = Release|Any CPU
		{9B628B77-B05A-435E-8D99-1D0DFB8BE20D}.Release|Any CPU.Build.0 = Release|Any CPU
		{909E77E9-FE72-41F3-A631-D552185DF754}.Debug|Any CPU.ActiveCfg = Debug|Any CPU
		{909E77E9-FE72-41F3-A631-D552185DF754}.Debug|Any CPU.Build.0 = Debug|Any CPU
		{909E77E9-FE72-41F3-A631-D552185DF754}.Release|Any CPU.ActiveCfg = Release|Any CPU
		{909E77E9-FE72-41F3-A631-D552185DF754}.Release|Any CPU.Build.0 = Release|Any CPU
	EndGlobalSection
	GlobalSection(SolutionProperties) = preSolution
		HideSolutionNode = FALSE
	EndGlobalSection
	GlobalSection(ExtensibilityGlobals) = postSolution
		SolutionGuid = {D2C4331A-361B-4D06-A32C-94B4BFBB0BE2}
	EndGlobalSection
EndGlobal
