
Microsoft Visual Studio Solution File, Format Version 12.00
# Visual Studio Version 17
VisualStudioVersion = 17.2.32519.379
MinimumVisualStudioVersion = 10.0.40219.1
Project("{FAE04EC0-301F-11D3-BF4B-00C04F79EFBC}") = "StalkerBelarus.Launcher", "src\StalkerBelarus.Launcher\StalkerBelarus.Launcher.csproj", "{0FD8494A-7CBD-428E-9B66-EC96F30FF9C0}"
EndProject
Global
	GlobalSection(SolutionConfigurationPlatforms) = preSolution
		Debug|Any CPU = Debug|Any CPU
		Release|Any CPU = Release|Any CPU
	EndGlobalSection
	GlobalSection(ProjectConfigurationPlatforms) = postSolution
		{0FD8494A-7CBD-428E-9B66-EC96F30FF9C0}.Debug|Any CPU.ActiveCfg = Debug|Any CPU
		{0FD8494A-7CBD-428E-9B66-EC96F30FF9C0}.Debug|Any CPU.Build.0 = Debug|Any CPU
		{0FD8494A-7CBD-428E-9B66-EC96F30FF9C0}.Release|Any CPU.ActiveCfg = Release|Any CPU
		{0FD8494A-7CBD-428E-9B66-EC96F30FF9C0}.Release|Any CPU.Build.0 = Release|Any CPU
	EndGlobalSection
	GlobalSection(SolutionProperties) = preSolution
		HideSolutionNode = FALSE
	EndGlobalSection
	GlobalSection(ExtensibilityGlobals) = postSolution
		SolutionGuid = {D2C4331A-361B-4D06-A32C-94B4BFBB0BE2}
	EndGlobalSection
EndGlobal
