{
  "version": 1,
  "dependencies": {
    "net7.0": {
      "Avalonia": {
        "type": "Direct",
        "requested": "[11.0.6, )",
        "resolved": "11.0.6",
        "contentHash": "BhuWLzZOWKqv6i0dTvbx/jsSwqZDhY4093+ihRai0TIc48kgGhX3TpUGRsRFfzfnb7FHwlkgZHjNgleVX+LEJg==",
        "dependencies": {
          "Avalonia.BuildServices": "0.0.29",
          "Avalonia.Remote.Protocol": "11.0.6",
          "MicroCom.Runtime": "0.11.0",
          "System.ComponentModel.Annotations": "4.5.0"
        }
      },
      "Avalonia.BuildServices": {
        "type": "Transitive",
        "resolved": "0.0.29",
        "contentHash": "U4eJLQdoDNHXtEba7MZUCwrBErBTxFp6sUewXBOdAhU0Kwzwaa/EKFcYm8kpcysjzKtfB4S0S9n0uxKZFz/ikw=="
      },
      "Avalonia.Remote.Protocol": {
        "type": "Transitive",
        "resolved": "11.0.6",
        "contentHash": "aIuCvIW+gjKg3USW6FuAMW6k2HDhTTCzWcGYCnuloOSnFe3EgeqEJr+qbO2whnMD1zLoJil3RWmTBl/b/yUqOw=="
      },
      "MicroCom.Runtime": {
        "type": "Transitive",
        "resolved": "0.11.0",
        "contentHash": "MEnrZ3UIiH40hjzMDsxrTyi8dtqB5ziv3iBeeU4bXsL/7NLSal9F1lZKpK+tfBRnUoDSdtcW3KufE4yhATOMCA=="
      },
      "System.ComponentModel.Annotations": {
        "type": "Transitive",
        "resolved": "4.5.0",
        "contentHash": "UxYQ3FGUOtzJ7LfSdnYSFd7+oEv6M8NgUatatIN2HxNtDdlcvFAf+VIq4Of9cDMJEJC0aSRv/x898RYhB4Yppg=="
      }
    }
  }
}